
Microsoft Visual Studio Solution File, Format Version 12.00
# Visual Studio Version 17
VisualStudioVersion = 17.0.31903.59
MinimumVisualStudioVersion = 10.0.40219.1
Project("{FAE04EC0-301F-11D3-BF4B-00C04F79EFBC}") = "QT1", "QT1\QT1.csproj", "{1A0406E6-841C-44D9-8A7A-479BAA0A0B2E}"
EndProject
Project("{FAE04EC0-301F-11D3-BF4B-00C04F79EFBC}") = "QT2", "QT2\QT2.csproj", "{F3CCE953-87D2-4C50-BD1F-B77B847F9B6B}"
EndProject
Project("{FAE04EC0-301F-11D3-BF4B-00C04F79EFBC}") = "QT3", "QT3\QT3.csproj", "{E8C852FB-2BAE-4F74-B480-DE0615B7362A}"
EndProject
Project("{FAE04EC0-301F-11D3-BF4B-00C04F79EFBC}") = "QT4", "QT4\QT4.csproj", "{5A1E7845-6B14-4295-988D-A1F9CA5B0F9E}"
EndProject
Project("{FAE04EC0-301F-11D3-BF4B-00C04F79EFBC}") = "QT5", "QT5\QT5.csproj", "{C470044E-FE08-4087-910A-1369071FA927}"
EndProject
Project("{FAE04EC0-301F-11D3-BF4B-00C04F79EFBC}") = "QT6", "QT6\QT6.csproj", "{C1E1FD3F-3D51-4BEC-AF6E-B8666AC70A19}"
EndProject
Project("{FAE04EC0-301F-11D3-BF4B-00C04F79EFBC}") = "QT7", "QT7\QT7.csproj", "{180E3141-8B5E-4861-AE03-66D2A8A35707}"
EndProject
Project("{FAE04EC0-301F-11D3-BF4B-00C04F79EFBC}") = "QT8", "QT8\QT8.csproj", "{A4B30E54-D718-4DE6-B5C5-6360D30AB981}"
EndProject
Project("{FAE04EC0-301F-11D3-BF4B-00C04F79EFBC}") = "QT9", "QT9\QT9.csproj", "{3C32A5AA-6845-4E48-82F2-AFFE1F8E71AD}"
EndProject
Project("{FAE04EC0-301F-11D3-BF4B-00C04F79EFBC}") = "QT10", "QT10\QT10.csproj", "{16F787AC-B87F-4F16-85E3-3F0142D0F46E}"
EndProject
Global
	GlobalSection(SolutionConfigurationPlatforms) = preSolution
		Debug|Any CPU = Debug|Any CPU
		Release|Any CPU = Release|Any CPU
	EndGlobalSection
	GlobalSection(SolutionProperties) = preSolution
		HideSolutionNode = FALSE
	EndGlobalSection
	GlobalSection(ProjectConfigurationPlatforms) = postSolution
		{1A0406E6-841C-44D9-8A7A-479BAA0A0B2E}.Debug|Any CPU.ActiveCfg = Debug|Any CPU
		{1A0406E6-841C-44D9-8A7A-479BAA0A0B2E}.Debug|Any CPU.Build.0 = Debug|Any CPU
		{1A0406E6-841C-44D9-8A7A-479BAA0A0B2E}.Release|Any CPU.ActiveCfg = Release|Any CPU
		{1A0406E6-841C-44D9-8A7A-479BAA0A0B2E}.Release|Any CPU.Build.0 = Release|Any CPU
		{F3CCE953-87D2-4C50-BD1F-B77B847F9B6B}.Debug|Any CPU.ActiveCfg = Debug|Any CPU
		{F3CCE953-87D2-4C50-BD1F-B77B847F9B6B}.Debug|Any CPU.Build.0 = Debug|Any CPU
		{F3CCE953-87D2-4C50-BD1F-B77B847F9B6B}.Release|Any CPU.ActiveCfg = Release|Any CPU
		{F3CCE953-87D2-4C50-BD1F-B77B847F9B6B}.Release|Any CPU.Build.0 = Release|Any CPU
		{E8C852FB-2BAE-4F74-B480-DE0615B7362A}.Debug|Any CPU.ActiveCfg = Debug|Any CPU
		{E8C852FB-2BAE-4F74-B480-DE0615B7362A}.Debug|Any CPU.Build.0 = Debug|Any CPU
		{E8C852FB-2BAE-4F74-B480-DE0615B7362A}.Release|Any CPU.ActiveCfg = Release|Any CPU
		{E8C852FB-2BAE-4F74-B480-DE0615B7362A}.Release|Any CPU.Build.0 = Release|Any CPU
		{5A1E7845-6B14-4295-988D-A1F9CA5B0F9E}.Debug|Any CPU.ActiveCfg = Debug|Any CPU
		{5A1E7845-6B14-4295-988D-A1F9CA5B0F9E}.Debug|Any CPU.Build.0 = Debug|Any CPU
		{5A1E7845-6B14-4295-988D-A1F9CA5B0F9E}.Release|Any CPU.ActiveCfg = Release|Any CPU
		{5A1E7845-6B14-4295-988D-A1F9CA5B0F9E}.Release|Any CPU.Build.0 = Release|Any CPU
		{C470044E-FE08-4087-910A-1369071FA927}.Debug|Any CPU.ActiveCfg = Debug|Any CPU
		{C470044E-FE08-4087-910A-1369071FA927}.Debug|Any CPU.Build.0 = Debug|Any CPU
		{C470044E-FE08-4087-910A-1369071FA927}.Release|Any CPU.ActiveCfg = Release|Any CPU
		{C470044E-FE08-4087-910A-1369071FA927}.Release|Any CPU.Build.0 = Release|Any CPU
		{C1E1FD3F-3D51-4BEC-AF6E-B8666AC70A19}.Debug|Any CPU.ActiveCfg = Debug|Any CPU
		{C1E1FD3F-3D51-4BEC-AF6E-B8666AC70A19}.Debug|Any CPU.Build.0 = Debug|Any CPU
		{C1E1FD3F-3D51-4BEC-AF6E-B8666AC70A19}.Release|Any CPU.ActiveCfg = Release|Any CPU
		{C1E1FD3F-3D51-4BEC-AF6E-B8666AC70A19}.Release|Any CPU.Build.0 = Release|Any CPU
		{180E3141-8B5E-4861-AE03-66D2A8A35707}.Debug|Any CPU.ActiveCfg = Debug|Any CPU
		{180E3141-8B5E-4861-AE03-66D2A8A35707}.Debug|Any CPU.Build.0 = Debug|Any CPU
		{180E3141-8B5E-4861-AE03-66D2A8A35707}.Release|Any CPU.ActiveCfg = Release|Any CPU
		{180E3141-8B5E-4861-AE03-66D2A8A35707}.Release|Any CPU.Build.0 = Release|Any CPU
		{A4B30E54-D718-4DE6-B5C5-6360D30AB981}.Debug|Any CPU.ActiveCfg = Debug|Any CPU
		{A4B30E54-D718-4DE6-B5C5-6360D30AB981}.Debug|Any CPU.Build.0 = Debug|Any CPU
		{A4B30E54-D718-4DE6-B5C5-6360D30AB981}.Release|Any CPU.ActiveCfg = Release|Any CPU
		{A4B30E54-D718-4DE6-B5C5-6360D30AB981}.Release|Any CPU.Build.0 = Release|Any CPU
		{3C32A5AA-6845-4E48-82F2-AFFE1F8E71AD}.Debug|Any CPU.ActiveCfg = Debug|Any CPU
		{3C32A5AA-6845-4E48-82F2-AFFE1F8E71AD}.Debug|Any CPU.Build.0 = Debug|Any CPU
		{3C32A5AA-6845-4E48-82F2-AFFE1F8E71AD}.Release|Any CPU.ActiveCfg = Release|Any CPU
		{3C32A5AA-6845-4E48-82F2-AFFE1F8E71AD}.Release|Any CPU.Build.0 = Release|Any CPU
		{16F787AC-B87F-4F16-85E3-3F0142D0F46E}.Debug|Any CPU.ActiveCfg = Debug|Any CPU
		{16F787AC-B87F-4F16-85E3-3F0142D0F46E}.Debug|Any CPU.Build.0 = Debug|Any CPU
		{16F787AC-B87F-4F16-85E3-3F0142D0F46E}.Release|Any CPU.ActiveCfg = Release|Any CPU
		{16F787AC-B87F-4F16-85E3-3F0142D0F46E}.Release|Any CPU.Build.0 = Release|Any CPU
	EndGlobalSection
EndGlobal
